
Microsoft Visual Studio Solution File, Format Version 12.00
# Visual Studio Version 17
VisualStudioVersion = 17.13.35931.197 d17.13
MinimumVisualStudioVersion = 10.0.40219.1
Project("{FAE04EC0-301F-11D3-BF4B-00C04F79EFBC}") = "ServerAsyncSocket", "ServerAsyncSocket\ServerAsyncSocket.csproj", "{2C24B4B6-6422-45CD-BB0E-0011355BAC01}"
EndProject
Project("{FAE04EC0-301F-11D3-BF4B-00C04F79EFBC}") = "ClientAsyncSocket", "ClientAsyncSocket\ClientAsyncSocket.csproj", "{2E57EA67-7B9C-45B0-9A68-FBEE90781ABD}"
EndProject
Project("{FAE04EC0-301F-11D3-BF4B-00C04F79EFBC}") = "ChatServerAsyncSocket", "ChatServerAsync\ChatServerAsyncSocket.csproj", "{0EE2F466-634F-4DF7-9F6A-C878777678A8}"
EndProject
Project("{FAE04EC0-301F-11D3-BF4B-00C04F79EFBC}") = "ChatClientAsyncSocket", "ChatClientAsyncSocket\ChatClientAsyncSocket.csproj", "{8DF94481-17B7-48B8-A7E5-2A8702470CB0}"
EndProject
Project("{FAE04EC0-301F-11D3-BF4B-00C04F79EFBC}") = "ChatTcpListenear", "ChatTcpListenear\ChatTcpListenear.csproj", "{046AF616-958C-4B52-AB8D-9180E66583C6}"
EndProject
Project("{FAE04EC0-301F-11D3-BF4B-00C04F79EFBC}") = "ChatTcpClient", "ChatTcpClient\ChatTcpClient.csproj", "{539E4C27-C441-4C8A-9612-A9129247A403}"
EndProject
Global
	GlobalSection(SolutionConfigurationPlatforms) = preSolution
		Debug|Any CPU = Debug|Any CPU
		Release|Any CPU = Release|Any CPU
	EndGlobalSection
	GlobalSection(ProjectConfigurationPlatforms) = postSolution
		{2C24B4B6-6422-45CD-BB0E-0011355BAC01}.Debug|Any CPU.ActiveCfg = Debug|Any CPU
		{2C24B4B6-6422-45CD-BB0E-0011355BAC01}.Debug|Any CPU.Build.0 = Debug|Any CPU
		{2C24B4B6-6422-45CD-BB0E-0011355BAC01}.Release|Any CPU.ActiveCfg = Release|Any CPU
		{2C24B4B6-6422-45CD-BB0E-0011355BAC01}.Release|Any CPU.Build.0 = Release|Any CPU
		{2E57EA67-7B9C-45B0-9A68-FBEE90781ABD}.Debug|Any CPU.ActiveCfg = Debug|Any CPU
		{2E57EA67-7B9C-45B0-9A68-FBEE90781ABD}.Debug|Any CPU.Build.0 = Debug|Any CPU
		{2E57EA67-7B9C-45B0-9A68-FBEE90781ABD}.Release|Any CPU.ActiveCfg = Release|Any CPU
		{2E57EA67-7B9C-45B0-9A68-FBEE90781ABD}.Release|Any CPU.Build.0 = Release|Any CPU
		{0EE2F466-634F-4DF7-9F6A-C878777678A8}.Debug|Any CPU.ActiveCfg = Debug|Any CPU
		{0EE2F466-634F-4DF7-9F6A-C878777678A8}.Debug|Any CPU.Build.0 = Debug|Any CPU
		{0EE2F466-634F-4DF7-9F6A-C878777678A8}.Release|Any CPU.ActiveCfg = Release|Any CPU
		{0EE2F466-634F-4DF7-9F6A-C878777678A8}.Release|Any CPU.Build.0 = Release|Any CPU
		{8DF94481-17B7-48B8-A7E5-2A8702470CB0}.Debug|Any CPU.ActiveCfg = Debug|Any CPU
		{8DF94481-17B7-48B8-A7E5-2A8702470CB0}.Debug|Any CPU.Build.0 = Debug|Any CPU
		{8DF94481-17B7-48B8-A7E5-2A8702470CB0}.Release|Any CPU.ActiveCfg = Release|Any CPU
		{8DF94481-17B7-48B8-A7E5-2A8702470CB0}.Release|Any CPU.Build.0 = Release|Any CPU
		{046AF616-958C-4B52-AB8D-9180E66583C6}.Debug|Any CPU.ActiveCfg = Debug|Any CPU
		{046AF616-958C-4B52-AB8D-9180E66583C6}.Debug|Any CPU.Build.0 = Debug|Any CPU
		{046AF616-958C-4B52-AB8D-9180E66583C6}.Release|Any CPU.ActiveCfg = Release|Any CPU
		{046AF616-958C-4B52-AB8D-9180E66583C6}.Release|Any CPU.Build.0 = Release|Any CPU
		{539E4C27-C441-4C8A-9612-A9129247A403}.Debug|Any CPU.ActiveCfg = Debug|Any CPU
		{539E4C27-C441-4C8A-9612-A9129247A403}.Debug|Any CPU.Build.0 = Debug|Any CPU
		{539E4C27-C441-4C8A-9612-A9129247A403}.Release|Any CPU.ActiveCfg = Release|Any CPU
		{539E4C27-C441-4C8A-9612-A9129247A403}.Release|Any CPU.Build.0 = Release|Any CPU
	EndGlobalSection
	GlobalSection(SolutionProperties) = preSolution
		HideSolutionNode = FALSE
	EndGlobalSection
	GlobalSection(ExtensibilityGlobals) = postSolution
		SolutionGuid = {9EEAD691-844B-4D04-A7BD-BA6F8489DC82}
	EndGlobalSection
EndGlobal
